
Microsoft Visual Studio Solution File, Format Version 12.00
# Visual Studio Version 17
VisualStudioVersion = 17.2.32602.215
MinimumVisualStudioVersion = 10.0.40219.1
Project("{FAE04EC0-301F-11D3-BF4B-00C04F79EFBC}") = "MVCProject", "MVCProject\MVCProject.csproj", "{D3FE056D-F8E1-4615-A45D-B5BA07459C0B}"
EndProject
Global
	GlobalSection(SolutionConfigurationPlatforms) = preSolution
		Debug|Any CPU = Debug|Any CPU
		Release|Any CPU = Release|Any CPU
	EndGlobalSection
	GlobalSection(ProjectConfigurationPlatforms) = postSolution
		{D3FE056D-F8E1-4615-A45D-B5BA07459C0B}.Debug|Any CPU.ActiveCfg = Debug|Any CPU
		{D3FE056D-F8E1-4615-A45D-B5BA07459C0B}.Debug|Any CPU.Build.0 = Debug|Any CPU
		{D3FE056D-F8E1-4615-A45D-B5BA07459C0B}.Release|Any CPU.ActiveCfg = Release|Any CPU
		{D3FE056D-F8E1-4615-A45D-B5BA07459C0B}.Release|Any CPU.Build.0 = Release|Any CPU
	EndGlobalSection
	GlobalSection(SolutionProperties) = preSolution
		HideSolutionNode = FALSE
	EndGlobalSection
	GlobalSection(ExtensibilityGlobals) = postSolution
		SolutionGuid = {BDDD4AEF-03C5-48CF-8593-C07BCCF03E67}
	EndGlobalSection
EndGlobal
